{
  "originHash" : "91e947366ac9fda546ca3da3aa83b3cb6766a8ea708bc10926c37517fd418dfc",
  "pins" : [
    {
      "identity" : "sayall-mac-remote",
      "kind" : "remoteSourceControl",
      "location" : "https://github.com/GetSayAll/sayall-mac-remote.git",
      "state" : {
        "revision" : "dc8a728fd51473d1e08a4b88639175f1cdd7c105"
      }
    },
    {
      "identity" : "sparkle",
      "kind" : "remoteSourceControl",
      "location" : "https://github.com/sparkle-project/Sparkle",
      "state" : {
        "revision" : "b6496a74a087257ef5e6da1c5b29a447a60f5bd7",
        "version" : "2.9.4"
      }
    }
  ],
  "version" : 3
}
