{
  "originHash" : "c46fd6555a00a86943232e3316c80eb928acd2c11dcfeb88b7f6b2c1d282d6b8",
  "pins" : [
    {
      "identity" : "sayall-mac-remote",
      "kind" : "remoteSourceControl",
      "location" : "https://github.com/GetSayAll/sayall-mac-remote.git",
      "state" : {
        "revision" : "30f8e52658bfbdcc670d43c3637479dc221c9df8"
      }
    },
    {
      "identity" : "sparkle",
      "kind" : "remoteSourceControl",
      "location" : "https://github.com/sparkle-project/Sparkle",
      "state" : {
        "revision" : "b6496a74a087257ef5e6da1c5b29a447a60f5bd7",
        "version" : "2.9.4"
      }
    }
  ],
  "version" : 3
}
