// !$*UTF8*$!
{
	archiveVersion = 1;
	classes = {
	};
	objectVersion = 54;
	objects = {

/* Begin PBXBuildFile section */
		03314770AC71969D6524FE42 /* RemoteCommandTests.swift in Sources */ = {isa = PBXBuildFile; fileRef = E74D3E4698E212D83418451D /* RemoteCommandTests.swift */; };
		1689F8A2D589CABA82047AE2 /* RemoteControlComponents.swift in Sources */ = {isa = PBXBuildFile; fileRef = 4D3CB04898A74D008EB5C938 /* RemoteControlComponents.swift */; };
		32BE424431F83EA8AA9618D1 /* HapticFeedback.swift in Sources */ = {isa = PBXBuildFile; fileRef = A11DF672421B64C7B416FC13 /* HapticFeedback.swift */; };
		3E346D8B95118A020D6B2161 /* RemoteControlLayoutTests.swift in Sources */ = {isa = PBXBuildFile; fileRef = 0620D6DAFE0DDD62AC07843D /* RemoteControlLayoutTests.swift */; };
		47FFE4A4BDD2390F9E942693 /* RemoteWireMessage.swift in Sources */ = {isa = PBXBuildFile; fileRef = 2BBEDCD3D0B3E3EAF8F3CC8C /* RemoteWireMessage.swift */; };
		4934DF6A4A865632E8E0B729 /* MacAppInformationScreen.swift in Sources */ = {isa = PBXBuildFile; fileRef = 4F9C6E672E7AFD9B15D7C098 /* MacAppInformationScreen.swift */; };
		5A6D4557F456D963BFEBEE1F /* Assets.xcassets in Resources */ = {isa = PBXBuildFile; fileRef = 10FF5AE6F95095F6F4BCE6D1 /* Assets.xcassets */; };
		66FEEC0B3ADF24AC9137C763 /* RemoteMacConnectionTests.swift in Sources */ = {isa = PBXBuildFile; fileRef = E4C013854B23FF74F36867E2 /* RemoteMacConnectionTests.swift */; };
		92AB4E7240E956061E267651 /* RemoteCommand.swift in Sources */ = {isa = PBXBuildFile; fileRef = F06B7C33AA9DFAB059130BC8 /* RemoteCommand.swift */; };
		AA5C600980EB909F79DF274B /* RemoteWireMessageTests.swift in Sources */ = {isa = PBXBuildFile; fileRef = 41A2C433BC8EB255334245A4 /* RemoteWireMessageTests.swift */; };
		BD841ADFC754C46205404AD4 /* RemoteControlScreen.swift in Sources */ = {isa = PBXBuildFile; fileRef = DC4AEACAAB5860345FD8568A /* RemoteControlScreen.swift */; };
		C05D0F17F0D1E9B99C1C392E /* MicrophoneStreamer.swift in Sources */ = {isa = PBXBuildFile; fileRef = 5234B82F7AFA70C946876B12 /* MicrophoneStreamer.swift */; };
		E135C47EB581785134FF26C3 /* RemoteMicIOSApp.swift in Sources */ = {isa = PBXBuildFile; fileRef = D9A0FBE379FB6F7DA113757E /* RemoteMicIOSApp.swift */; };
		FDEAE0D30E6D4692A7AD31EE /* RemoteMacConnection.swift in Sources */ = {isa = PBXBuildFile; fileRef = D811C8889E87C89B9D23014E /* RemoteMacConnection.swift */; };
/* End PBXBuildFile section */

/* Begin PBXContainerItemProxy section */
		6980D774978A29FF5A9B6A35 /* PBXContainerItemProxy */ = {
			isa = PBXContainerItemProxy;
			containerPortal = 3C57CD7EC4DB6DA81F3C967F /* Project object */;
			proxyType = 1;
			remoteGlobalIDString = 5E29E6232E39C0C0547C2E6C;
			remoteInfo = RemoteMicIOS;
		};
/* End PBXContainerItemProxy section */

/* Begin PBXFileReference section */
		0620D6DAFE0DDD62AC07843D /* RemoteControlLayoutTests.swift */ = {isa = PBXFileReference; lastKnownFileType = sourcecode.swift; path = RemoteControlLayoutTests.swift; sourceTree = "<group>"; };
		10FF5AE6F95095F6F4BCE6D1 /* Assets.xcassets */ = {isa = PBXFileReference; lastKnownFileType = folder.assetcatalog; path = Assets.xcassets; sourceTree = "<group>"; };
		2AAB8DDB974CD61E81680948 /* RemoteMicIOS.app */ = {isa = PBXFileReference; includeInIndex = 0; lastKnownFileType = wrapper.application; path = RemoteMicIOS.app; sourceTree = BUILT_PRODUCTS_DIR; };
		2BBEDCD3D0B3E3EAF8F3CC8C /* RemoteWireMessage.swift */ = {isa = PBXFileReference; lastKnownFileType = sourcecode.swift; path = RemoteWireMessage.swift; sourceTree = "<group>"; };
		40FA43331E1B420D3923D5F0 /* RemoteMicIOSTests.xctest */ = {isa = PBXFileReference; includeInIndex = 0; lastKnownFileType = wrapper.cfbundle; path = RemoteMicIOSTests.xctest; sourceTree = BUILT_PRODUCTS_DIR; };
		41A2C433BC8EB255334245A4 /* RemoteWireMessageTests.swift */ = {isa = PBXFileReference; lastKnownFileType = sourcecode.swift; path = RemoteWireMessageTests.swift; sourceTree = "<group>"; };
		4D3CB04898A74D008EB5C938 /* RemoteControlComponents.swift */ = {isa = PBXFileReference; lastKnownFileType = sourcecode.swift; path = RemoteControlComponents.swift; sourceTree = "<group>"; };
		4F9C6E672E7AFD9B15D7C098 /* MacAppInformationScreen.swift */ = {isa = PBXFileReference; lastKnownFileType = sourcecode.swift; path = MacAppInformationScreen.swift; sourceTree = "<group>"; };
		5234B82F7AFA70C946876B12 /* MicrophoneStreamer.swift */ = {isa = PBXFileReference; lastKnownFileType = sourcecode.swift; path = MicrophoneStreamer.swift; sourceTree = "<group>"; };
		A11DF672421B64C7B416FC13 /* HapticFeedback.swift */ = {isa = PBXFileReference; lastKnownFileType = sourcecode.swift; path = HapticFeedback.swift; sourceTree = "<group>"; };
		D811C8889E87C89B9D23014E /* RemoteMacConnection.swift */ = {isa = PBXFileReference; lastKnownFileType = sourcecode.swift; path = RemoteMacConnection.swift; sourceTree = "<group>"; };
		D9A0FBE379FB6F7DA113757E /* RemoteMicIOSApp.swift */ = {isa = PBXFileReference; lastKnownFileType = sourcecode.swift; path = RemoteMicIOSApp.swift; sourceTree = "<group>"; };
		DC4AEACAAB5860345FD8568A /* RemoteControlScreen.swift */ = {isa = PBXFileReference; lastKnownFileType = sourcecode.swift; path = RemoteControlScreen.swift; sourceTree = "<group>"; };
		E4C013854B23FF74F36867E2 /* RemoteMacConnectionTests.swift */ = {isa = PBXFileReference; lastKnownFileType = sourcecode.swift; path = RemoteMacConnectionTests.swift; sourceTree = "<group>"; };
		E74D3E4698E212D83418451D /* RemoteCommandTests.swift */ = {isa = PBXFileReference; lastKnownFileType = sourcecode.swift; path = RemoteCommandTests.swift; sourceTree = "<group>"; };
		F06B7C33AA9DFAB059130BC8 /* RemoteCommand.swift */ = {isa = PBXFileReference; lastKnownFileType = sourcecode.swift; path = RemoteCommand.swift; sourceTree = "<group>"; };
/* End PBXFileReference section */

/* Begin PBXGroup section */
		04FE46B6D1861AA876536DB8 = {
			isa = PBXGroup;
			children = (
				4C6A75E7FE30066B04F83EE4 /* Resources */,
				D363190083A74A9A403313EC /* Sources */,
				6899D85F4100C07BCA1318D7 /* Tests */,
				A9DA3E96B7D762382600862C /* Products */,
			);
			sourceTree = "<group>";
		};
		4C6A75E7FE30066B04F83EE4 /* Resources */ = {
			isa = PBXGroup;
			children = (
				10FF5AE6F95095F6F4BCE6D1 /* Assets.xcassets */,
			);
			path = Resources;
			sourceTree = "<group>";
		};
		6899D85F4100C07BCA1318D7 /* Tests */ = {
			isa = PBXGroup;
			children = (
				E74D3E4698E212D83418451D /* RemoteCommandTests.swift */,
				0620D6DAFE0DDD62AC07843D /* RemoteControlLayoutTests.swift */,
				E4C013854B23FF74F36867E2 /* RemoteMacConnectionTests.swift */,
				41A2C433BC8EB255334245A4 /* RemoteWireMessageTests.swift */,
			);
			path = Tests;
			sourceTree = "<group>";
		};
		A9DA3E96B7D762382600862C /* Products */ = {
			isa = PBXGroup;
			children = (
				2AAB8DDB974CD61E81680948 /* RemoteMicIOS.app */,
				40FA43331E1B420D3923D5F0 /* RemoteMicIOSTests.xctest */,
			);
			name = Products;
			sourceTree = "<group>";
		};
		D363190083A74A9A403313EC /* Sources */ = {
			isa = PBXGroup;
			children = (
				A11DF672421B64C7B416FC13 /* HapticFeedback.swift */,
				4F9C6E672E7AFD9B15D7C098 /* MacAppInformationScreen.swift */,
				5234B82F7AFA70C946876B12 /* MicrophoneStreamer.swift */,
				F06B7C33AA9DFAB059130BC8 /* RemoteCommand.swift */,
				4D3CB04898A74D008EB5C938 /* RemoteControlComponents.swift */,
				DC4AEACAAB5860345FD8568A /* RemoteControlScreen.swift */,
				D811C8889E87C89B9D23014E /* RemoteMacConnection.swift */,
				D9A0FBE379FB6F7DA113757E /* RemoteMicIOSApp.swift */,
				2BBEDCD3D0B3E3EAF8F3CC8C /* RemoteWireMessage.swift */,
			);
			path = Sources;
			sourceTree = "<group>";
		};
/* End PBXGroup section */

/* Begin PBXNativeTarget section */
		5E29E6232E39C0C0547C2E6C /* RemoteMicIOS */ = {
			isa = PBXNativeTarget;
			buildConfigurationList = D68A4D7F5D990E96A3AE6F5B /* Build configuration list for PBXNativeTarget "RemoteMicIOS" */;
			buildPhases = (
				FDE1B8A28E9E6FB58353F205 /* Sources */,
				3D6F4741838E8FA550F8679D /* Resources */,
			);
			buildRules = (
			);
			dependencies = (
			);
			name = RemoteMicIOS;
			productName = RemoteMicIOS;
			productReference = 2AAB8DDB974CD61E81680948 /* RemoteMicIOS.app */;
			productType = "com.apple.product-type.application";
		};
		FBD9C37C6489B3EEE1F61744 /* RemoteMicIOSTests */ = {
			isa = PBXNativeTarget;
			buildConfigurationList = 59904CE1D27692E66351DB9E /* Build configuration list for PBXNativeTarget "RemoteMicIOSTests" */;
			buildPhases = (
				BA208620E1771470D5E86A6A /* Sources */,
			);
			buildRules = (
			);
			dependencies = (
				470F090FF08BAC0CCF9FAC50 /* PBXTargetDependency */,
			);
			name = RemoteMicIOSTests;
			productName = RemoteMicIOSTests;
			productReference = 40FA43331E1B420D3923D5F0 /* RemoteMicIOSTests.xctest */;
			productType = "com.apple.product-type.bundle.unit-test";
		};
/* End PBXNativeTarget section */

/* Begin PBXProject section */
		3C57CD7EC4DB6DA81F3C967F /* Project object */ = {
			isa = PBXProject;
			attributes = {
				BuildIndependentTargetsInParallel = YES;
				LastUpgradeCheck = 1430;
				TargetAttributes = {
					5E29E6232E39C0C0547C2E6C = {
						DevelopmentTeam = L3QHLDRPAY;
						ProvisioningStyle = Automatic;
					};
				};
			};
			buildConfigurationList = 065A187D9AD9402FD7CA91F2 /* Build configuration list for PBXProject "RemoteMicIOS" */;
			compatibilityVersion = "Xcode 14.0";
			developmentRegion = en;
			hasScannedForEncodings = 0;
			knownRegions = (
				Base,
				en,
			);
			mainGroup = 04FE46B6D1861AA876536DB8;
			projectDirPath = "";
			projectRoot = "";
			targets = (
				5E29E6232E39C0C0547C2E6C /* RemoteMicIOS */,
				FBD9C37C6489B3EEE1F61744 /* RemoteMicIOSTests */,
			);
		};
/* End PBXProject section */

/* Begin PBXResourcesBuildPhase section */
		3D6F4741838E8FA550F8679D /* Resources */ = {
			isa = PBXResourcesBuildPhase;
			buildActionMask = 2147483647;
			files = (
				5A6D4557F456D963BFEBEE1F /* Assets.xcassets in Resources */,
			);
			runOnlyForDeploymentPostprocessing = 0;
		};
/* End PBXResourcesBuildPhase section */

/* Begin PBXSourcesBuildPhase section */
		BA208620E1771470D5E86A6A /* Sources */ = {
			isa = PBXSourcesBuildPhase;
			buildActionMask = 2147483647;
			files = (
				03314770AC71969D6524FE42 /* RemoteCommandTests.swift in Sources */,
				3E346D8B95118A020D6B2161 /* RemoteControlLayoutTests.swift in Sources */,
				66FEEC0B3ADF24AC9137C763 /* RemoteMacConnectionTests.swift in Sources */,
				AA5C600980EB909F79DF274B /* RemoteWireMessageTests.swift in Sources */,
			);
			runOnlyForDeploymentPostprocessing = 0;
		};
		FDE1B8A28E9E6FB58353F205 /* Sources */ = {
			isa = PBXSourcesBuildPhase;
			buildActionMask = 2147483647;
			files = (
				32BE424431F83EA8AA9618D1 /* HapticFeedback.swift in Sources */,
				4934DF6A4A865632E8E0B729 /* MacAppInformationScreen.swift in Sources */,
				C05D0F17F0D1E9B99C1C392E /* MicrophoneStreamer.swift in Sources */,
				92AB4E7240E956061E267651 /* RemoteCommand.swift in Sources */,
				1689F8A2D589CABA82047AE2 /* RemoteControlComponents.swift in Sources */,
				BD841ADFC754C46205404AD4 /* RemoteControlScreen.swift in Sources */,
				FDEAE0D30E6D4692A7AD31EE /* RemoteMacConnection.swift in Sources */,
				E135C47EB581785134FF26C3 /* RemoteMicIOSApp.swift in Sources */,
				47FFE4A4BDD2390F9E942693 /* RemoteWireMessage.swift in Sources */,
			);
			runOnlyForDeploymentPostprocessing = 0;
		};
/* End PBXSourcesBuildPhase section */

/* Begin PBXTargetDependency section */
		470F090FF08BAC0CCF9FAC50 /* PBXTargetDependency */ = {
			isa = PBXTargetDependency;
			target = 5E29E6232E39C0C0547C2E6C /* RemoteMicIOS */;
			targetProxy = 6980D774978A29FF5A9B6A35 /* PBXContainerItemProxy */;
		};
/* End PBXTargetDependency section */

/* Begin XCBuildConfiguration section */
		021B3B4923555A7C9679E486 /* Debug */ = {
			isa = XCBuildConfiguration;
			buildSettings = {
				ALWAYS_SEARCH_USER_PATHS = NO;
				CLANG_ANALYZER_NONNULL = YES;
				CLANG_ANALYZER_NUMBER_OBJECT_CONVERSION = YES_AGGRESSIVE;
				CLANG_CXX_LANGUAGE_STANDARD = "gnu++14";
				CLANG_CXX_LIBRARY = "libc++";
				CLANG_ENABLE_MODULES = YES;
				CLANG_ENABLE_OBJC_ARC = YES;
				CLANG_ENABLE_OBJC_WEAK = YES;
				CLANG_WARN_BLOCK_CAPTURE_AUTORELEASING = YES;
				CLANG_WARN_BOOL_CONVERSION = YES;
				CLANG_WARN_COMMA = YES;
				CLANG_WARN_CONSTANT_CONVERSION = YES;
				CLANG_WARN_DEPRECATED_OBJC_IMPLEMENTATIONS = YES;
				CLANG_WARN_DIRECT_OBJC_ISA_USAGE = YES_ERROR;
				CLANG_WARN_DOCUMENTATION_COMMENTS = YES;
				CLANG_WARN_EMPTY_BODY = YES;
				CLANG_WARN_ENUM_CONVERSION = YES;
				CLANG_WARN_INFINITE_RECURSION = YES;
				CLANG_WARN_INT_CONVERSION = YES;
				CLANG_WARN_NON_LITERAL_NULL_CONVERSION = YES;
				CLANG_WARN_OBJC_IMPLICIT_RETAIN_SELF = YES;
				CLANG_WARN_OBJC_LITERAL_CONVERSION = YES;
				CLANG_WARN_OBJC_ROOT_CLASS = YES_ERROR;
				CLANG_WARN_QUOTED_INCLUDE_IN_FRAMEWORK_HEADER = YES;
				CLANG_WARN_RANGE_LOOP_ANALYSIS = YES;
				CLANG_WARN_STRICT_PROTOTYPES = YES;
				CLANG_WARN_SUSPICIOUS_MOVE = YES;
				CLANG_WARN_UNGUARDED_AVAILABILITY = YES_AGGRESSIVE;
				CLANG_WARN_UNREACHABLE_CODE = YES;
				CLANG_WARN__DUPLICATE_METHOD_MATCH = YES;
				COPY_PHASE_STRIP = NO;
				DEBUG_INFORMATION_FORMAT = dwarf;
				ENABLE_STRICT_OBJC_MSGSEND = YES;
				ENABLE_TESTABILITY = YES;
				GCC_C_LANGUAGE_STANDARD = gnu11;
				GCC_DYNAMIC_NO_PIC = NO;
				GCC_NO_COMMON_BLOCKS = YES;
				GCC_OPTIMIZATION_LEVEL = 0;
				GCC_PREPROCESSOR_DEFINITIONS = (
					"$(inherited)",
					"DEBUG=1",
				);
				GCC_WARN_64_TO_32_BIT_CONVERSION = YES;
				GCC_WARN_ABOUT_RETURN_TYPE = YES_ERROR;
				GCC_WARN_UNDECLARED_SELECTOR = YES;
				GCC_WARN_UNINITIALIZED_AUTOS = YES_AGGRESSIVE;
				GCC_WARN_UNUSED_FUNCTION = YES;
				GCC_WARN_UNUSED_VARIABLE = YES;
				IPHONEOS_DEPLOYMENT_TARGET = 17.0;
				MTL_ENABLE_DEBUG_INFO = INCLUDE_SOURCE;
				MTL_FAST_MATH = YES;
				ONLY_ACTIVE_ARCH = YES;
				PRODUCT_NAME = "$(TARGET_NAME)";
				SDKROOT = iphoneos;
				SWIFT_ACTIVE_COMPILATION_CONDITIONS = DEBUG;
				SWIFT_OPTIMIZATION_LEVEL = "-Onone";
				SWIFT_VERSION = 5.0;
			};
			name = Debug;
		};
		247A6BA535E90C64CA346CBD /* Release */ = {
			isa = XCBuildConfiguration;
			buildSettings = {
				BUNDLE_LOADER = "$(TEST_HOST)";
				GENERATE_INFOPLIST_FILE = YES;
				LD_RUNPATH_SEARCH_PATHS = (
					"$(inherited)",
					"@executable_path/Frameworks",
					"@loader_path/Frameworks",
				);
				PRODUCT_BUNDLE_IDENTIFIER = com.hd838a.RemoteMicIOSTests;
				SDKROOT = iphoneos;
				TARGETED_DEVICE_FAMILY = "1,2";
				TEST_HOST = "$(BUILT_PRODUCTS_DIR)/RemoteMicIOS.app/RemoteMicIOS";
			};
			name = Release;
		};
		5B5163E2E95D4B83E877F997 /* Release */ = {
			isa = XCBuildConfiguration;
			buildSettings = {
				ASSETCATALOG_COMPILER_APPICON_NAME = AppIcon;
				CODE_SIGN_IDENTITY = "iPhone Developer";
				CODE_SIGN_STYLE = Automatic;
				CURRENT_PROJECT_VERSION = 4;
				DEVELOPMENT_TEAM = L3QHLDRPAY;
				GENERATE_INFOPLIST_FILE = NO;
				INFOPLIST_FILE = Resources/Info.plist;
				LD_RUNPATH_SEARCH_PATHS = (
					"$(inherited)",
					"@executable_path/Frameworks",
				);
				MARKETING_VERSION = 0.8.5;
				PRODUCT_BUNDLE_IDENTIFIER = com.hd838a.RemoteMicIOS;
				PRODUCT_NAME = RemoteMicIOS;
				SDKROOT = iphoneos;
				TARGETED_DEVICE_FAMILY = "1,2";
			};
			name = Release;
		};
		8B35941F950B95AE29C7E677 /* Debug */ = {
			isa = XCBuildConfiguration;
			buildSettings = {
				ASSETCATALOG_COMPILER_APPICON_NAME = AppIcon;
				CODE_SIGN_IDENTITY = "iPhone Developer";
				CODE_SIGN_STYLE = Automatic;
				CURRENT_PROJECT_VERSION = 4;
				DEVELOPMENT_TEAM = L3QHLDRPAY;
				GENERATE_INFOPLIST_FILE = NO;
				INFOPLIST_FILE = Resources/Info.plist;
				LD_RUNPATH_SEARCH_PATHS = (
					"$(inherited)",
					"@executable_path/Frameworks",
				);
				MARKETING_VERSION = 0.8.5;
				PRODUCT_BUNDLE_IDENTIFIER = com.hd838a.RemoteMicIOS;
				PRODUCT_NAME = RemoteMicIOS;
				SDKROOT = iphoneos;
				TARGETED_DEVICE_FAMILY = "1,2";
			};
			name = Debug;
		};
		D7146FCB01252C19EFC00E6C /* Release */ = {
			isa = XCBuildConfiguration;
			buildSettings = {
				ALWAYS_SEARCH_USER_PATHS = NO;
				CLANG_ANALYZER_NONNULL = YES;
				CLANG_ANALYZER_NUMBER_OBJECT_CONVERSION = YES_AGGRESSIVE;
				CLANG_CXX_LANGUAGE_STANDARD = "gnu++14";
				CLANG_CXX_LIBRARY = "libc++";
				CLANG_ENABLE_MODULES = YES;
				CLANG_ENABLE_OBJC_ARC = YES;
				CLANG_ENABLE_OBJC_WEAK = YES;
				CLANG_WARN_BLOCK_CAPTURE_AUTORELEASING = YES;
				CLANG_WARN_BOOL_CONVERSION = YES;
				CLANG_WARN_COMMA = YES;
				CLANG_WARN_CONSTANT_CONVERSION = YES;
				CLANG_WARN_DEPRECATED_OBJC_IMPLEMENTATIONS = YES;
				CLANG_WARN_DIRECT_OBJC_ISA_USAGE = YES_ERROR;
				CLANG_WARN_DOCUMENTATION_COMMENTS = YES;
				CLANG_WARN_EMPTY_BODY = YES;
				CLANG_WARN_ENUM_CONVERSION = YES;
				CLANG_WARN_INFINITE_RECURSION = YES;
				CLANG_WARN_INT_CONVERSION = YES;
				CLANG_WARN_NON_LITERAL_NULL_CONVERSION = YES;
				CLANG_WARN_OBJC_IMPLICIT_RETAIN_SELF = YES;
				CLANG_WARN_OBJC_LITERAL_CONVERSION = YES;
				CLANG_WARN_OBJC_ROOT_CLASS = YES_ERROR;
				CLANG_WARN_QUOTED_INCLUDE_IN_FRAMEWORK_HEADER = YES;
				CLANG_WARN_RANGE_LOOP_ANALYSIS = YES;
				CLANG_WARN_STRICT_PROTOTYPES = YES;
				CLANG_WARN_SUSPICIOUS_MOVE = YES;
				CLANG_WARN_UNGUARDED_AVAILABILITY = YES_AGGRESSIVE;
				CLANG_WARN_UNREACHABLE_CODE = YES;
				CLANG_WARN__DUPLICATE_METHOD_MATCH = YES;
				COPY_PHASE_STRIP = NO;
				DEBUG_INFORMATION_FORMAT = "dwarf-with-dsym";
				ENABLE_NS_ASSERTIONS = NO;
				ENABLE_STRICT_OBJC_MSGSEND = YES;
				GCC_C_LANGUAGE_STANDARD = gnu11;
				GCC_NO_COMMON_BLOCKS = YES;
				GCC_WARN_64_TO_32_BIT_CONVERSION = YES;
				GCC_WARN_ABOUT_RETURN_TYPE = YES_ERROR;
				GCC_WARN_UNDECLARED_SELECTOR = YES;
				GCC_WARN_UNINITIALIZED_AUTOS = YES_AGGRESSIVE;
				GCC_WARN_UNUSED_FUNCTION = YES;
				GCC_WARN_UNUSED_VARIABLE = YES;
				IPHONEOS_DEPLOYMENT_TARGET = 17.0;
				MTL_ENABLE_DEBUG_INFO = NO;
				MTL_FAST_MATH = YES;
				PRODUCT_NAME = "$(TARGET_NAME)";
				SDKROOT = iphoneos;
				SWIFT_COMPILATION_MODE = wholemodule;
				SWIFT_OPTIMIZATION_LEVEL = "-O";
				SWIFT_VERSION = 5.0;
			};
			name = Release;
		};
		FA04F184A29FA09548AEF80F /* Debug */ = {
			isa = XCBuildConfiguration;
			buildSettings = {
				BUNDLE_LOADER = "$(TEST_HOST)";
				GENERATE_INFOPLIST_FILE = YES;
				LD_RUNPATH_SEARCH_PATHS = (
					"$(inherited)",
					"@executable_path/Frameworks",
					"@loader_path/Frameworks",
				);
				PRODUCT_BUNDLE_IDENTIFIER = com.hd838a.RemoteMicIOSTests;
				SDKROOT = iphoneos;
				TARGETED_DEVICE_FAMILY = "1,2";
				TEST_HOST = "$(BUILT_PRODUCTS_DIR)/RemoteMicIOS.app/RemoteMicIOS";
			};
			name = Debug;
		};
/* End XCBuildConfiguration section */

/* Begin XCConfigurationList section */
		065A187D9AD9402FD7CA91F2 /* Build configuration list for PBXProject "RemoteMicIOS" */ = {
			isa = XCConfigurationList;
			buildConfigurations = (
				021B3B4923555A7C9679E486 /* Debug */,
				D7146FCB01252C19EFC00E6C /* Release */,
			);
			defaultConfigurationIsVisible = 0;
			defaultConfigurationName = Debug;
		};
		59904CE1D27692E66351DB9E /* Build configuration list for PBXNativeTarget "RemoteMicIOSTests" */ = {
			isa = XCConfigurationList;
			buildConfigurations = (
				FA04F184A29FA09548AEF80F /* Debug */,
				247A6BA535E90C64CA346CBD /* Release */,
			);
			defaultConfigurationIsVisible = 0;
			defaultConfigurationName = Debug;
		};
		D68A4D7F5D990E96A3AE6F5B /* Build configuration list for PBXNativeTarget "RemoteMicIOS" */ = {
			isa = XCConfigurationList;
			buildConfigurations = (
				8B35941F950B95AE29C7E677 /* Debug */,
				5B5163E2E95D4B83E877F997 /* Release */,
			);
			defaultConfigurationIsVisible = 0;
			defaultConfigurationName = Debug;
		};
/* End XCConfigurationList section */
	};
	rootObject = 3C57CD7EC4DB6DA81F3C967F /* Project object */;
}
